
Microsoft Visual Studio Solution File, Format Version 12.00
# Visual Studio Version 17
VisualStudioVersion = 17.5.33627.172
MinimumVisualStudioVersion = 10.0.40219.1
Project("{9A19103F-16F7-4668-BE54-9A1E7A4F7556}") = "CompanyEmployees", "CompanyEmployees\CompanyEmployees.csproj", "{76FE750E-5D6C-44A6-B0CD-E63C04E0A90E}"
EndProject
Project("{9A19103F-16F7-4668-BE54-9A1E7A4F7556}") = "Contracts", "Contracts\Contracts.csproj", "{E5E9DF20-1A56-41EA-8D9E-DA5174F64E5D}"
EndProject
Project("{9A19103F-16F7-4668-BE54-9A1E7A4F7556}") = "LoggerService", "LoggerService\LoggerService.csproj", "{9A44AC08-5D64-494B-A357-A133ED2CDE07}"
EndProject
Project("{FAE04EC0-301F-11D3-BF4B-00C04F79EFBC}") = "Entities", "Entities\Entities.csproj", "{9A35E62E-3685-4D38-8D8C-8625DFAE715A}"
EndProject
Project("{FAE04EC0-301F-11D3-BF4B-00C04F79EFBC}") = "Repository", "Repository\Repository.csproj", "{6E5270BE-D46D-4358-87F2-8EACBBDEFEA6}"
EndProject
Global
	GlobalSection(SolutionConfigurationPlatforms) = preSolution
		Debug|Any CPU = Debug|Any CPU
		Release|Any CPU = Release|Any CPU
	EndGlobalSection
	GlobalSection(ProjectConfigurationPlatforms) = postSolution
		{76FE750E-5D6C-44A6-B0CD-E63C04E0A90E}.Debug|Any CPU.ActiveCfg = Debug|Any CPU
		{76FE750E-5D6C-44A6-B0CD-E63C04E0A90E}.Debug|Any CPU.Build.0 = Debug|Any CPU
		{76FE750E-5D6C-44A6-B0CD-E63C04E0A90E}.Release|Any CPU.ActiveCfg = Release|Any CPU
		{76FE750E-5D6C-44A6-B0CD-E63C04E0A90E}.Release|Any CPU.Build.0 = Release|Any CPU
		{E5E9DF20-1A56-41EA-8D9E-DA5174F64E5D}.Debug|Any CPU.ActiveCfg = Debug|Any CPU
		{E5E9DF20-1A56-41EA-8D9E-DA5174F64E5D}.Debug|Any CPU.Build.0 = Debug|Any CPU
		{E5E9DF20-1A56-41EA-8D9E-DA5174F64E5D}.Release|Any CPU.ActiveCfg = Release|Any CPU
		{E5E9DF20-1A56-41EA-8D9E-DA5174F64E5D}.Release|Any CPU.Build.0 = Release|Any CPU
		{9A44AC08-5D64-494B-A357-A133ED2CDE07}.Debug|Any CPU.ActiveCfg = Debug|Any CPU
		{9A44AC08-5D64-494B-A357-A133ED2CDE07}.Debug|Any CPU.Build.0 = Debug|Any CPU
		{9A44AC08-5D64-494B-A357-A133ED2CDE07}.Release|Any CPU.ActiveCfg = Release|Any CPU
		{9A44AC08-5D64-494B-A357-A133ED2CDE07}.Release|Any CPU.Build.0 = Release|Any CPU
		{9A35E62E-3685-4D38-8D8C-8625DFAE715A}.Debug|Any CPU.ActiveCfg = Debug|Any CPU
		{9A35E62E-3685-4D38-8D8C-8625DFAE715A}.Debug|Any CPU.Build.0 = Debug|Any CPU
		{9A35E62E-3685-4D38-8D8C-8625DFAE715A}.Release|Any CPU.ActiveCfg = Release|Any CPU
		{9A35E62E-3685-4D38-8D8C-8625DFAE715A}.Release|Any CPU.Build.0 = Release|Any CPU
		{6E5270BE-D46D-4358-87F2-8EACBBDEFEA6}.Debug|Any CPU.ActiveCfg = Debug|Any CPU
		{6E5270BE-D46D-4358-87F2-8EACBBDEFEA6}.Debug|Any CPU.Build.0 = Debug|Any CPU
		{6E5270BE-D46D-4358-87F2-8EACBBDEFEA6}.Release|Any CPU.ActiveCfg = Release|Any CPU
		{6E5270BE-D46D-4358-87F2-8EACBBDEFEA6}.Release|Any CPU.Build.0 = Release|Any CPU
	EndGlobalSection
	GlobalSection(SolutionProperties) = preSolution
		HideSolutionNode = FALSE
	EndGlobalSection
	GlobalSection(ExtensibilityGlobals) = postSolution
		SolutionGuid = {B38EA2BB-8819-42D1-B96F-A55730CF41C0}
	EndGlobalSection
EndGlobal
